// !$*UTF8*$!
{
	archiveVersion = 1;
	classes = {
	};
	objectVersion = 55;
	objects = {

/* Begin PBXBuildFile section */
		6DB8E30327533EBE00D1E2BF /* AppDelegate.swift in Sources */ = {isa = PBXBuildFile; fileRef = 6DB8E30227533EBE00D1E2BF /* AppDelegate.swift */; };
		6DB8E30527533EBE00D1E2BF /* SceneDelegate.swift in Sources */ = {isa = PBXBuildFile; fileRef = 6DB8E30427533EBE00D1E2BF /* SceneDelegate.swift */; };
		6DB8E30C27533EC300D1E2BF /* Assets.xcassets in Resources */ = {isa = PBXBuildFile; fileRef = 6DB8E30B27533EC300D1E2BF /* Assets.xcassets */; };
		6DB8E30F27533EC300D1E2BF /* LaunchScreen.storyboard in Resources */ = {isa = PBXBuildFile; fileRef = 6DB8E30D27533EC300D1E2BF /* LaunchScreen.storyboard */; };
		6DB8E31A2753429A00D1E2BF /* Constant.swift in Sources */ = {isa = PBXBuildFile; fileRef = 6DB8E3192753429A00D1E2BF /* Constant.swift */; };
		6DB8E31C275342A900D1E2BF /* Secret.swift in Sources */ = {isa = PBXBuildFile; fileRef = 6DB8E31B275342A900D1E2BF /* Secret.swift */; };
		6DB8E3202753493C00D1E2BF /* ListViewController.swift in Sources */ = {isa = PBXBuildFile; fileRef = 6DB8E31E2753493C00D1E2BF /* ListViewController.swift */; };
		6DB8E3292753541500D1E2BF /* UIFont.swift in Sources */ = {isa = PBXBuildFile; fileRef = 6DB8E3282753541500D1E2BF /* UIFont.swift */; };
		6DB8E32A2753562100D1E2BF /* NotoSansCJKkr-Regular.otf in Resources */ = {isa = PBXBuildFile; fileRef = 6DB8E323275353CA00D1E2BF /* NotoSansCJKkr-Regular.otf */; };
		6DB8E32B2753562100D1E2BF /* NotoSansCJKkr-Medium.otf in Resources */ = {isa = PBXBuildFile; fileRef = 6DB8E325275353CC00D1E2BF /* NotoSansCJKkr-Medium.otf */; };
		6DB8E32C2753562100D1E2BF /* NotoSansCJKkr-Bold.otf in Resources */ = {isa = PBXBuildFile; fileRef = 6DB8E324275353CB00D1E2BF /* NotoSansCJKkr-Bold.otf */; };
		6DB8E330275357CE00D1E2BF /* MovieCollectionViewCell.swift in Sources */ = {isa = PBXBuildFile; fileRef = 6DB8E32E275357CE00D1E2BF /* MovieCollectionViewCell.swift */; };
		6DB8E331275357CE00D1E2BF /* MovieCollectionViewCell.xib in Resources */ = {isa = PBXBuildFile; fileRef = 6DB8E32F275357CE00D1E2BF /* MovieCollectionViewCell.xib */; };
		6DB8E3342753616900D1E2BF /* BaseViewController.swift in Sources */ = {isa = PBXBuildFile; fileRef = 6DB8E3332753616900D1E2BF /* BaseViewController.swift */; };
		6DB8E336275373FE00D1E2BF /* UIImage.swift in Sources */ = {isa = PBXBuildFile; fileRef = 6DB8E335275373FE00D1E2BF /* UIImage.swift */; };
		7289FBB481E99CFFEDBCB019 /* Pods_movieListApp.framework in Frameworks */ = {isa = PBXBuildFile; fileRef = C790E16F04BF7AAE92B6045E /* Pods_movieListApp.framework */; };
/* End PBXBuildFile section */

/* Begin PBXFileReference section */
		0E31259D4D8016A1232DD013 /* Pods-movieListApp.release.xcconfig */ = {isa = PBXFileReference; includeInIndex = 1; lastKnownFileType = text.xcconfig; name = "Pods-movieListApp.release.xcconfig"; path = "Target Support Files/Pods-movieListApp/Pods-movieListApp.release.xcconfig"; sourceTree = "<group>"; };
		6DB8E2FF27533EBE00D1E2BF /* movieListApp.app */ = {isa = PBXFileReference; explicitFileType = wrapper.application; includeInIndex = 0; path = movieListApp.app; sourceTree = BUILT_PRODUCTS_DIR; };
		6DB8E30227533EBE00D1E2BF /* AppDelegate.swift */ = {isa = PBXFileReference; lastKnownFileType = sourcecode.swift; path = AppDelegate.swift; sourceTree = "<group>"; };
		6DB8E30427533EBE00D1E2BF /* SceneDelegate.swift */ = {isa = PBXFileReference; lastKnownFileType = sourcecode.swift; path = SceneDelegate.swift; sourceTree = "<group>"; };
		6DB8E30B27533EC300D1E2BF /* Assets.xcassets */ = {isa = PBXFileReference; lastKnownFileType = folder.assetcatalog; path = Assets.xcassets; sourceTree = "<group>"; };
		6DB8E30E27533EC300D1E2BF /* Base */ = {isa = PBXFileReference; lastKnownFileType = file.storyboard; name = Base; path = Base.lproj/LaunchScreen.storyboard; sourceTree = "<group>"; };
		6DB8E31027533EC300D1E2BF /* Info.plist */ = {isa = PBXFileReference; lastKnownFileType = text.plist.xml; path = Info.plist; sourceTree = "<group>"; };
		6DB8E3192753429A00D1E2BF /* Constant.swift */ = {isa = PBXFileReference; lastKnownFileType = sourcecode.swift; path = Constant.swift; sourceTree = "<group>"; };
		6DB8E31B275342A900D1E2BF /* Secret.swift */ = {isa = PBXFileReference; lastKnownFileType = sourcecode.swift; path = Secret.swift; sourceTree = "<group>"; };
		6DB8E31E2753493C00D1E2BF /* ListViewController.swift */ = {isa = PBXFileReference; lastKnownFileType = sourcecode.swift; path = ListViewController.swift; sourceTree = "<group>"; };
		6DB8E323275353CA00D1E2BF /* NotoSansCJKkr-Regular.otf */ = {isa = PBXFileReference; lastKnownFileType = file; path = "NotoSansCJKkr-Regular.otf"; sourceTree = "<group>"; };
		6DB8E324275353CB00D1E2BF /* NotoSansCJKkr-Bold.otf */ = {isa = PBXFileReference; lastKnownFileType = file; path = "NotoSansCJKkr-Bold.otf"; sourceTree = "<group>"; };
		6DB8E325275353CC00D1E2BF /* NotoSansCJKkr-Medium.otf */ = {isa = PBXFileReference; lastKnownFileType = file; path = "NotoSansCJKkr-Medium.otf"; sourceTree = "<group>"; };
		6DB8E3282753541500D1E2BF /* UIFont.swift */ = {isa = PBXFileReference; lastKnownFileType = sourcecode.swift; path = UIFont.swift; sourceTree = "<group>"; };
		6DB8E32E275357CE00D1E2BF /* MovieCollectionViewCell.swift */ = {isa = PBXFileReference; lastKnownFileType = sourcecode.swift; path = MovieCollectionViewCell.swift; sourceTree = "<group>"; };
		6DB8E32F275357CE00D1E2BF /* MovieCollectionViewCell.xib */ = {isa = PBXFileReference; lastKnownFileType = file.xib; path = MovieCollectionViewCell.xib; sourceTree = "<group>"; };
		6DB8E3332753616900D1E2BF /* BaseViewController.swift */ = {isa = PBXFileReference; lastKnownFileType = sourcecode.swift; path = BaseViewController.swift; sourceTree = "<group>"; };
		6DB8E335275373FE00D1E2BF /* UIImage.swift */ = {isa = PBXFileReference; lastKnownFileType = sourcecode.swift; path = UIImage.swift; sourceTree = "<group>"; };
		8E434DD202715BA34242C31D /* Pods-movieListApp.debug.xcconfig */ = {isa = PBXFileReference; includeInIndex = 1; lastKnownFileType = text.xcconfig; name = "Pods-movieListApp.debug.xcconfig"; path = "Target Support Files/Pods-movieListApp/Pods-movieListApp.debug.xcconfig"; sourceTree = "<group>"; };
		C790E16F04BF7AAE92B6045E /* Pods_movieListApp.framework */ = {isa = PBXFileReference; explicitFileType = wrapper.framework; includeInIndex = 0; path = Pods_movieListApp.framework; sourceTree = BUILT_PRODUCTS_DIR; };
/* End PBXFileReference section */

/* Begin PBXFrameworksBuildPhase section */
		6DB8E2FC27533EBE00D1E2BF /* Frameworks */ = {
			isa = PBXFrameworksBuildPhase;
			buildActionMask = 2147483647;
			files = (
				7289FBB481E99CFFEDBCB019 /* Pods_movieListApp.framework in Frameworks */,
			);
			runOnlyForDeploymentPostprocessing = 0;
		};
/* End PBXFrameworksBuildPhase section */

/* Begin PBXGroup section */
		30CD7FBE8AC6775808AA4F60 /* Pods */ = {
			isa = PBXGroup;
			children = (
				8E434DD202715BA34242C31D /* Pods-movieListApp.debug.xcconfig */,
				0E31259D4D8016A1232DD013 /* Pods-movieListApp.release.xcconfig */,
			);
			path = Pods;
			sourceTree = "<group>";
		};
		53748BB7FF2EE0A13E8E5525 /* Frameworks */ = {
			isa = PBXGroup;
			children = (
				C790E16F04BF7AAE92B6045E /* Pods_movieListApp.framework */,
			);
			name = Frameworks;
			sourceTree = "<group>";
		};
		6DB8E2F627533EBE00D1E2BF = {
			isa = PBXGroup;
			children = (
				6DB8E30127533EBE00D1E2BF /* movieListApp */,
				6DB8E30027533EBE00D1E2BF /* Products */,
				30CD7FBE8AC6775808AA4F60 /* Pods */,
				53748BB7FF2EE0A13E8E5525 /* Frameworks */,
			);
			sourceTree = "<group>";
		};
		6DB8E30027533EBE00D1E2BF /* Products */ = {
			isa = PBXGroup;
			children = (
				6DB8E2FF27533EBE00D1E2BF /* movieListApp.app */,
			);
			name = Products;
			sourceTree = "<group>";
		};
		6DB8E30127533EBE00D1E2BF /* movieListApp */ = {
			isa = PBXGroup;
			children = (
				6DB8E3182753427A00D1E2BF /* Config */,
				6DB8E31D2753490D00D1E2BF /* List */,
				6DB8E32D2753577700D1E2BF /* Cell */,
				6DB8E30227533EBE00D1E2BF /* AppDelegate.swift */,
				6DB8E30427533EBE00D1E2BF /* SceneDelegate.swift */,
				6DB8E30B27533EC300D1E2BF /* Assets.xcassets */,
				6DB8E30D27533EC300D1E2BF /* LaunchScreen.storyboard */,
				6DB8E31027533EC300D1E2BF /* Info.plist */,
			);
			path = movieListApp;
			sourceTree = "<group>";
		};
		6DB8E3182753427A00D1E2BF /* Config */ = {
			isa = PBXGroup;
			children = (
				6DB8E3322753614900D1E2BF /* Base */,
				6DB8E327275353E000D1E2BF /* Extensions */,
				6DB8E322275353B000D1E2BF /* Font */,
				6DB8E326275353D600D1E2BF /* Common */,
			);
			path = Config;
			sourceTree = "<group>";
		};
		6DB8E31D2753490D00D1E2BF /* List */ = {
			isa = PBXGroup;
			children = (
				6DB8E31E2753493C00D1E2BF /* ListViewController.swift */,
			);
			path = List;
			sourceTree = "<group>";
		};
		6DB8E322275353B000D1E2BF /* Font */ = {
			isa = PBXGroup;
			children = (
				6DB8E324275353CB00D1E2BF /* NotoSansCJKkr-Bold.otf */,
				6DB8E325275353CC00D1E2BF /* NotoSansCJKkr-Medium.otf */,
				6DB8E323275353CA00D1E2BF /* NotoSansCJKkr-Regular.otf */,
			);
			path = Font;
			sourceTree = "<group>";
		};
		6DB8E326275353D600D1E2BF /* Common */ = {
			isa = PBXGroup;
			children = (
				6DB8E3192753429A00D1E2BF /* Constant.swift */,
				6DB8E31B275342A900D1E2BF /* Secret.swift */,
			);
			path = Common;
			sourceTree = "<group>";
		};
		6DB8E327275353E000D1E2BF /* Extensions */ = {
			isa = PBXGroup;
			children = (
				6DB8E3282753541500D1E2BF /* UIFont.swift */,
				6DB8E335275373FE00D1E2BF /* UIImage.swift */,
			);
			path = Extensions;
			sourceTree = "<group>";
		};
		6DB8E32D2753577700D1E2BF /* Cell */ = {
			isa = PBXGroup;
			children = (
				6DB8E32E275357CE00D1E2BF /* MovieCollectionViewCell.swift */,
				6DB8E32F275357CE00D1E2BF /* MovieCollectionViewCell.xib */,
			);
			path = Cell;
			sourceTree = "<group>";
		};
		6DB8E3322753614900D1E2BF /* Base */ = {
			isa = PBXGroup;
			children = (
				6DB8E3332753616900D1E2BF /* BaseViewController.swift */,
			);
			path = Base;
			sourceTree = "<group>";
		};
/* End PBXGroup section */

/* Begin PBXNativeTarget section */
		6DB8E2FE27533EBE00D1E2BF /* movieListApp */ = {
			isa = PBXNativeTarget;
			buildConfigurationList = 6DB8E31327533EC300D1E2BF /* Build configuration list for PBXNativeTarget "movieListApp" */;
			buildPhases = (
				DA878E0A3C607353451FEA2A /* [CP] Check Pods Manifest.lock */,
				6DB8E2FB27533EBE00D1E2BF /* Sources */,
				6DB8E2FC27533EBE00D1E2BF /* Frameworks */,
				6DB8E2FD27533EBE00D1E2BF /* Resources */,
				D0C62E6B84F84CDFE94047BD /* [CP] Embed Pods Frameworks */,
			);
			buildRules = (
			);
			dependencies = (
			);
			name = movieListApp;
			productName = movieListApp;
			productReference = 6DB8E2FF27533EBE00D1E2BF /* movieListApp.app */;
			productType = "com.apple.product-type.application";
		};
/* End PBXNativeTarget section */

/* Begin PBXProject section */
		6DB8E2F727533EBE00D1E2BF /* Project object */ = {
			isa = PBXProject;
			attributes = {
				LastSwiftUpdateCheck = 1310;
				LastUpgradeCheck = 1310;
				TargetAttributes = {
					6DB8E2FE27533EBE00D1E2BF = {
						CreatedOnToolsVersion = 13.1;
					};
				};
			};
			buildConfigurationList = 6DB8E2FA27533EBE00D1E2BF /* Build configuration list for PBXProject "movieListApp" */;
			compatibilityVersion = "Xcode 13.0";
			developmentRegion = en;
			hasScannedForEncodings = 0;
			knownRegions = (
				en,
				Base,
			);
			mainGroup = 6DB8E2F627533EBE00D1E2BF;
			productRefGroup = 6DB8E30027533EBE00D1E2BF /* Products */;
			projectDirPath = "";
			projectRoot = "";
			targets = (
				6DB8E2FE27533EBE00D1E2BF /* movieListApp */,
			);
		};
/* End PBXProject section */

/* Begin PBXResourcesBuildPhase section */
		6DB8E2FD27533EBE00D1E2BF /* Resources */ = {
			isa = PBXResourcesBuildPhase;
			buildActionMask = 2147483647;
			files = (
				6DB8E30F27533EC300D1E2BF /* LaunchScreen.storyboard in Resources */,
				6DB8E32C2753562100D1E2BF /* NotoSansCJKkr-Bold.otf in Resources */,
				6DB8E32A2753562100D1E2BF /* NotoSansCJKkr-Regular.otf in Resources */,
				6DB8E30C27533EC300D1E2BF /* Assets.xcassets in Resources */,
				6DB8E32B2753562100D1E2BF /* NotoSansCJKkr-Medium.otf in Resources */,
				6DB8E331275357CE00D1E2BF /* MovieCollectionViewCell.xib in Resources */,
			);
			runOnlyForDeploymentPostprocessing = 0;
		};
/* End PBXResourcesBuildPhase section */

/* Begin PBXShellScriptBuildPhase section */
		D0C62E6B84F84CDFE94047BD /* [CP] Embed Pods Frameworks */ = {
			isa = PBXShellScriptBuildPhase;
			buildActionMask = 2147483647;
			files = (
			);
			inputFileListPaths = (
				"${PODS_ROOT}/Target Support Files/Pods-movieListApp/Pods-movieListApp-frameworks-${CONFIGURATION}-input-files.xcfilelist",
			);
			name = "[CP] Embed Pods Frameworks";
			outputFileListPaths = (
				"${PODS_ROOT}/Target Support Files/Pods-movieListApp/Pods-movieListApp-frameworks-${CONFIGURATION}-output-files.xcfilelist",
			);
			runOnlyForDeploymentPostprocessing = 0;
			shellPath = /bin/sh;
			shellScript = "\"${PODS_ROOT}/Target Support Files/Pods-movieListApp/Pods-movieListApp-frameworks.sh\"\n";
			showEnvVarsInLog = 0;
		};
		DA878E0A3C607353451FEA2A /* [CP] Check Pods Manifest.lock */ = {
			isa = PBXShellScriptBuildPhase;
			buildActionMask = 2147483647;
			files = (
			);
			inputFileListPaths = (
			);
			inputPaths = (
				"${PODS_PODFILE_DIR_PATH}/Podfile.lock",
				"${PODS_ROOT}/Manifest.lock",
			);
			name = "[CP] Check Pods Manifest.lock";
			outputFileListPaths = (
			);
			outputPaths = (
				"$(DERIVED_FILE_DIR)/Pods-movieListApp-checkManifestLockResult.txt",
			);
			runOnlyForDeploymentPostprocessing = 0;
			shellPath = /bin/sh;
			shellScript = "diff \"${PODS_PODFILE_DIR_PATH}/Podfile.lock\" \"${PODS_ROOT}/Manifest.lock\" > /dev/null\nif [ $? != 0 ] ; then\n    # print error to STDERR\n    echo \"error: The sandbox is not in sync with the Podfile.lock. Run 'pod install' or update your CocoaPods installation.\" >&2\n    exit 1\nfi\n# This output is used by Xcode 'outputs' to avoid re-running this script phase.\necho \"SUCCESS\" > \"${SCRIPT_OUTPUT_FILE_0}\"\n";
			showEnvVarsInLog = 0;
		};
/* End PBXShellScriptBuildPhase section */

/* Begin PBXSourcesBuildPhase section */
		6DB8E2FB27533EBE00D1E2BF /* Sources */ = {
			isa = PBXSourcesBuildPhase;
			buildActionMask = 2147483647;
			files = (
				6DB8E31C275342A900D1E2BF /* Secret.swift in Sources */,
				6DB8E30327533EBE00D1E2BF /* AppDelegate.swift in Sources */,
				6DB8E3292753541500D1E2BF /* UIFont.swift in Sources */,
				6DB8E30527533EBE00D1E2BF /* SceneDelegate.swift in Sources */,
				6DB8E3202753493C00D1E2BF /* ListViewController.swift in Sources */,
				6DB8E3342753616900D1E2BF /* BaseViewController.swift in Sources */,
				6DB8E336275373FE00D1E2BF /* UIImage.swift in Sources */,
				6DB8E330275357CE00D1E2BF /* MovieCollectionViewCell.swift in Sources */,
				6DB8E31A2753429A00D1E2BF /* Constant.swift in Sources */,
			);
			runOnlyForDeploymentPostprocessing = 0;
		};
/* End PBXSourcesBuildPhase section */

/* Begin PBXVariantGroup section */
		6DB8E30D27533EC300D1E2BF /* LaunchScreen.storyboard */ = {
			isa = PBXVariantGroup;
			children = (
				6DB8E30E27533EC300D1E2BF /* Base */,
			);
			name = LaunchScreen.storyboard;
			sourceTree = "<group>";
		};
/* End PBXVariantGroup section */

/* Begin XCBuildConfiguration section */
		6DB8E31127533EC300D1E2BF /* Debug */ = {
			isa = XCBuildConfiguration;
			buildSettings = {
				ALWAYS_SEARCH_USER_PATHS = NO;
				CLANG_ANALYZER_NONNULL = YES;
				CLANG_ANALYZER_NUMBER_OBJECT_CONVERSION = YES_AGGRESSIVE;
				CLANG_CXX_LANGUAGE_STANDARD = "gnu++17";
				CLANG_CXX_LIBRARY = "libc++";
				CLANG_ENABLE_MODULES = YES;
				CLANG_ENABLE_OBJC_ARC = YES;
				CLANG_ENABLE_OBJC_WEAK = YES;
				CLANG_WARN_BLOCK_CAPTURE_AUTORELEASING = YES;
				CLANG_WARN_BOOL_CONVERSION = YES;
				CLANG_WARN_COMMA = YES;
				CLANG_WARN_CONSTANT_CONVERSION = YES;
				CLANG_WARN_DEPRECATED_OBJC_IMPLEMENTATIONS = YES;
				CLANG_WARN_DIRECT_OBJC_ISA_USAGE = YES_ERROR;
				CLANG_WARN_DOCUMENTATION_COMMENTS = YES;
				CLANG_WARN_EMPTY_BODY = YES;
				CLANG_WARN_ENUM_CONVERSION = YES;
				CLANG_WARN_INFINITE_RECURSION = YES;
				CLANG_WARN_INT_CONVERSION = YES;
				CLANG_WARN_NON_LITERAL_NULL_CONVERSION = YES;
				CLANG_WARN_OBJC_IMPLICIT_RETAIN_SELF = YES;
				CLANG_WARN_OBJC_LITERAL_CONVERSION = YES;
				CLANG_WARN_OBJC_ROOT_CLASS = YES_ERROR;
				CLANG_WARN_QUOTED_INCLUDE_IN_FRAMEWORK_HEADER = YES;
				CLANG_WARN_RANGE_LOOP_ANALYSIS = YES;
				CLANG_WARN_STRICT_PROTOTYPES = YES;
				CLANG_WARN_SUSPICIOUS_MOVE = YES;
				CLANG_WARN_UNGUARDED_AVAILABILITY = YES_AGGRESSIVE;
				CLANG_WARN_UNREACHABLE_CODE = YES;
				CLANG_WARN__DUPLICATE_METHOD_MATCH = YES;
				COPY_PHASE_STRIP = NO;
				DEBUG_INFORMATION_FORMAT = dwarf;
				ENABLE_STRICT_OBJC_MSGSEND = YES;
				ENABLE_TESTABILITY = YES;
				GCC_C_LANGUAGE_STANDARD = gnu11;
				GCC_DYNAMIC_NO_PIC = NO;
				GCC_NO_COMMON_BLOCKS = YES;
				GCC_OPTIMIZATION_LEVEL = 0;
				GCC_PREPROCESSOR_DEFINITIONS = (
					"DEBUG=1",
					"$(inherited)",
				);
				GCC_WARN_64_TO_32_BIT_CONVERSION = YES;
				GCC_WARN_ABOUT_RETURN_TYPE = YES_ERROR;
				GCC_WARN_UNDECLARED_SELECTOR = YES;
				GCC_WARN_UNINITIALIZED_AUTOS = YES_AGGRESSIVE;
				GCC_WARN_UNUSED_FUNCTION = YES;
				GCC_WARN_UNUSED_VARIABLE = YES;
				IPHONEOS_DEPLOYMENT_TARGET = 15.0;
				MTL_ENABLE_DEBUG_INFO = INCLUDE_SOURCE;
				MTL_FAST_MATH = YES;
				ONLY_ACTIVE_ARCH = YES;
				SDKROOT = iphoneos;
				SWIFT_ACTIVE_COMPILATION_CONDITIONS = DEBUG;
				SWIFT_OPTIMIZATION_LEVEL = "-Onone";
			};
			name = Debug;
		};
		6DB8E31227533EC300D1E2BF /* Release */ = {
			isa = XCBuildConfiguration;
			buildSettings = {
				ALWAYS_SEARCH_USER_PATHS = NO;
				CLANG_ANALYZER_NONNULL = YES;
				CLANG_ANALYZER_NUMBER_OBJECT_CONVERSION = YES_AGGRESSIVE;
				CLANG_CXX_LANGUAGE_STANDARD = "gnu++17";
				CLANG_CXX_LIBRARY = "libc++";
				CLANG_ENABLE_MODULES = YES;
				CLANG_ENABLE_OBJC_ARC = YES;
				CLANG_ENABLE_OBJC_WEAK = YES;
				CLANG_WARN_BLOCK_CAPTURE_AUTORELEASING = YES;
				CLANG_WARN_BOOL_CONVERSION = YES;
				CLANG_WARN_COMMA = YES;
				CLANG_WARN_CONSTANT_CONVERSION = YES;
				CLANG_WARN_DEPRECATED_OBJC_IMPLEMENTATIONS = YES;
				CLANG_WARN_DIRECT_OBJC_ISA_USAGE = YES_ERROR;
				CLANG_WARN_DOCUMENTATION_COMMENTS = YES;
				CLANG_WARN_EMPTY_BODY = YES;
				CLANG_WARN_ENUM_CONVERSION = YES;
				CLANG_WARN_INFINITE_RECURSION = YES;
				CLANG_WARN_INT_CONVERSION = YES;
				CLANG_WARN_NON_LITERAL_NULL_CONVERSION = YES;
				CLANG_WARN_OBJC_IMPLICIT_RETAIN_SELF = YES;
				CLANG_WARN_OBJC_LITERAL_CONVERSION = YES;
				CLANG_WARN_OBJC_ROOT_CLASS = YES_ERROR;
				CLANG_WARN_QUOTED_INCLUDE_IN_FRAMEWORK_HEADER = YES;
				CLANG_WARN_RANGE_LOOP_ANALYSIS = YES;
				CLANG_WARN_STRICT_PROTOTYPES = YES;
				CLANG_WARN_SUSPICIOUS_MOVE = YES;
				CLANG_WARN_UNGUARDED_AVAILABILITY = YES_AGGRESSIVE;
				CLANG_WARN_UNREACHABLE_CODE = YES;
				CLANG_WARN__DUPLICATE_METHOD_MATCH = YES;
				COPY_PHASE_STRIP = NO;
				DEBUG_INFORMATION_FORMAT = "dwarf-with-dsym";
				ENABLE_NS_ASSERTIONS = NO;
				ENABLE_STRICT_OBJC_MSGSEND = YES;
				GCC_C_LANGUAGE_STANDARD = gnu11;
				GCC_NO_COMMON_BLOCKS = YES;
				GCC_WARN_64_TO_32_BIT_CONVERSION = YES;
				GCC_WARN_ABOUT_RETURN_TYPE = YES_ERROR;
				GCC_WARN_UNDECLARED_SELECTOR = YES;
				GCC_WARN_UNINITIALIZED_AUTOS = YES_AGGRESSIVE;
				GCC_WARN_UNUSED_FUNCTION = YES;
				GCC_WARN_UNUSED_VARIABLE = YES;
				IPHONEOS_DEPLOYMENT_TARGET = 15.0;
				MTL_ENABLE_DEBUG_INFO = NO;
				MTL_FAST_MATH = YES;
				SDKROOT = iphoneos;
				SWIFT_COMPILATION_MODE = wholemodule;
				SWIFT_OPTIMIZATION_LEVEL = "-O";
				VALIDATE_PRODUCT = YES;
			};
			name = Release;
		};
		6DB8E31427533EC300D1E2BF /* Debug */ = {
			isa = XCBuildConfiguration;
			baseConfigurationReference = 8E434DD202715BA34242C31D /* Pods-movieListApp.debug.xcconfig */;
			buildSettings = {
				ASSETCATALOG_COMPILER_APPICON_NAME = AppIcon;
				ASSETCATALOG_COMPILER_GLOBAL_ACCENT_COLOR_NAME = AccentColor;
				CODE_SIGN_STYLE = Automatic;
				CURRENT_PROJECT_VERSION = 1;
				DEVELOPMENT_TEAM = F6HDQBL953;
				GENERATE_INFOPLIST_FILE = YES;
				INFOPLIST_FILE = movieListApp/Info.plist;
				INFOPLIST_KEY_UIApplicationSupportsIndirectInputEvents = YES;
				INFOPLIST_KEY_UILaunchStoryboardName = LaunchScreen;
				INFOPLIST_KEY_UISupportedInterfaceOrientations_iPad = "UIInterfaceOrientationPortrait UIInterfaceOrientationPortraitUpsideDown UIInterfaceOrientationLandscapeLeft UIInterfaceOrientationLandscapeRight";
				INFOPLIST_KEY_UISupportedInterfaceOrientations_iPhone = "UIInterfaceOrientationPortrait UIInterfaceOrientationLandscapeLeft UIInterfaceOrientationLandscapeRight";
				IPHONEOS_DEPLOYMENT_TARGET = 13.0;
				LD_RUNPATH_SEARCH_PATHS = (
					"$(inherited)",
					"@executable_path/Frameworks",
				);
				MARKETING_VERSION = 1.0;
				PRODUCT_BUNDLE_IDENTIFIER = com.minsoon.movieListApp;
				PRODUCT_NAME = "$(TARGET_NAME)";
				SWIFT_EMIT_LOC_STRINGS = YES;
				SWIFT_VERSION = 5.0;
				TARGETED_DEVICE_FAMILY = "1,2";
			};
			name = Debug;
		};
		6DB8E31527533EC300D1E2BF /* Release */ = {
			isa = XCBuildConfiguration;
			baseConfigurationReference = 0E31259D4D8016A1232DD013 /* Pods-movieListApp.release.xcconfig */;
			buildSettings = {
				ASSETCATALOG_COMPILER_APPICON_NAME = AppIcon;
				ASSETCATALOG_COMPILER_GLOBAL_ACCENT_COLOR_NAME = AccentColor;
				CODE_SIGN_STYLE = Automatic;
				CURRENT_PROJECT_VERSION = 1;
				DEVELOPMENT_TEAM = F6HDQBL953;
				GENERATE_INFOPLIST_FILE = YES;
				INFOPLIST_FILE = movieListApp/Info.plist;
				INFOPLIST_KEY_UIApplicationSupportsIndirectInputEvents = YES;
				INFOPLIST_KEY_UILaunchStoryboardName = LaunchScreen;
				INFOPLIST_KEY_UISupportedInterfaceOrientations_iPad = "UIInterfaceOrientationPortrait UIInterfaceOrientationPortraitUpsideDown UIInterfaceOrientationLandscapeLeft UIInterfaceOrientationLandscapeRight";
				INFOPLIST_KEY_UISupportedInterfaceOrientations_iPhone = "UIInterfaceOrientationPortrait UIInterfaceOrientationLandscapeLeft UIInterfaceOrientationLandscapeRight";
				IPHONEOS_DEPLOYMENT_TARGET = 13.0;
				LD_RUNPATH_SEARCH_PATHS = (
					"$(inherited)",
					"@executable_path/Frameworks",
				);
				MARKETING_VERSION = 1.0;
				PRODUCT_BUNDLE_IDENTIFIER = com.minsoon.movieListApp;
				PRODUCT_NAME = "$(TARGET_NAME)";
				SWIFT_EMIT_LOC_STRINGS = YES;
				SWIFT_VERSION = 5.0;
				TARGETED_DEVICE_FAMILY = "1,2";
			};
			name = Release;
		};
/* End XCBuildConfiguration section */

/* Begin XCConfigurationList section */
		6DB8E2FA27533EBE00D1E2BF /* Build configuration list for PBXProject "movieListApp" */ = {
			isa = XCConfigurationList;
			buildConfigurations = (
				6DB8E31127533EC300D1E2BF /* Debug */,
				6DB8E31227533EC300D1E2BF /* Release */,
			);
			defaultConfigurationIsVisible = 0;
			defaultConfigurationName = Release;
		};
		6DB8E31327533EC300D1E2BF /* Build configuration list for PBXNativeTarget "movieListApp" */ = {
			isa = XCConfigurationList;
			buildConfigurations = (
				6DB8E31427533EC300D1E2BF /* Debug */,
				6DB8E31527533EC300D1E2BF /* Release */,
			);
			defaultConfigurationIsVisible = 0;
			defaultConfigurationName = Release;
		};
/* End XCConfigurationList section */
	};
	rootObject = 6DB8E2F727533EBE00D1E2BF /* Project object */;
}
